
Microsoft Visual Studio Solution File, Format Version 12.00
# Visual Studio 15
VisualStudioVersion = 15.0.27703.2035
MinimumVisualStudioVersion = 10.0.40219.1
Project("{FAE04EC0-301F-11D3-BF4B-00C04F79EFBC}") = "SchemaFSTw", "Schema1STWebApplication\SchemaFSTw.csproj", "{E68C48AE-33C3-4A28-904D-8FFB7CB77A03}"
EndProject
Project("{FAE04EC0-301F-11D3-BF4B-00C04F79EFBC}") = "Model1STWebApplication", "Model1STWebApplication\Model1STWebApplication.csproj", "{FCF318AF-C76C-4B13-8BC4-53983C99F88A}"
EndProject
Project("{FAE04EC0-301F-11D3-BF4B-00C04F79EFBC}") = "Code1stWebApplication", "Code1stWebApplication\Code1stWebApplication.csproj", "{D816E24C-5365-4E3F-BFD7-8BA0F4F68F6B}"
EndProject
Project("{FAE04EC0-301F-11D3-BF4B-00C04F79EFBC}") = "CustomizetablesCode1", "CustomizetablesCode1\CustomizetablesCode1.csproj", "{E63700D6-DB3F-4778-8FF3-1EE8005F5E3B}"
EndProject
Project("{FAE04EC0-301F-11D3-BF4B-00C04F79EFBC}") = "HandleModelChanges", "HandleModelChanges\HandleModelChanges.csproj", "{4FDE75C7-A62A-4594-92C5-956D87A09E53}"
EndProject
Project("{FAE04EC0-301F-11D3-BF4B-00C04F79EFBC}") = "SeedDatabase", "SeedDatabase\SeedDatabase.csproj", "{49FDAC09-B6AB-439D-A802-EACF1E574C11}"
EndProject
Project("{FAE04EC0-301F-11D3-BF4B-00C04F79EFBC}") = "StoredProcSchemaFST", "StoredProcSchemaFST\StoredProcSchemaFST.csproj", "{A5F77D1C-E8AB-4E3F-B7C8-32EF25FD16D4}"
EndProject
Project("{FAE04EC0-301F-11D3-BF4B-00C04F79EFBC}") = "StoredProcCodeFST", "StoredProcCodeFST\StoredProcCodeFST.csproj", "{BF9B1EF7-52A0-45E0-933F-524B178D7928}"
EndProject
Project("{FAE04EC0-301F-11D3-BF4B-00C04F79EFBC}") = "OverridingStoredProcedureDefaults", "OverridingStoredProcedureDefaults\OverridingStoredProcedureDefaults.csproj", "{DB21E98E-2912-42BE-91E5-92EE4B8B2D5F}"
EndProject
Project("{FAE04EC0-301F-11D3-BF4B-00C04F79EFBC}") = "EntitySplittingSchemaFST", "EntitySplittingSchemaFST\EntitySplittingSchemaFST.csproj", "{B271A4AA-4A17-4C77-836E-DA87F0866379}"
EndProject
Project("{FAE04EC0-301F-11D3-BF4B-00C04F79EFBC}") = "EntitySplittingCodeFST", "EntitySplittingCodeFST\EntitySplittingCodeFST.csproj", "{64609ED4-8789-4C9E-AD3E-429DC222E550}"
EndProject
Project("{FAE04EC0-301F-11D3-BF4B-00C04F79EFBC}") = "TableSplittingSchemaFST", "TableSplittingSchemaFST\TableSplittingSchemaFST.csproj", "{D6D0783C-ED00-4CF6-9439-A482DB3078A0}"
EndProject
Project("{FAE04EC0-301F-11D3-BF4B-00C04F79EFBC}") = "TableSplitting", "TableSplitting\TableSplitting.csproj", "{8C53A99A-592E-4950-9F76-A5B2C6B01B3F}"
EndProject
Project("{FAE04EC0-301F-11D3-BF4B-00C04F79EFBC}") = "ConditionalMappingSchemaFST", "ConditionalMappingSchemaFST\ConditionalMappingSchemaFST.csproj", "{231E1FCC-9CD8-4E08-AF16-158B2A625D2C}"
EndProject
Project("{FAE04EC0-301F-11D3-BF4B-00C04F79EFBC}") = "ConditionalMappingCodeFST", "ConditionalMappingCodeFST\ConditionalMappingCodeFST.csproj", "{670D9C15-3CFF-40CB-A885-FD2CB45C2F16}"
EndProject
Project("{FAE04EC0-301F-11D3-BF4B-00C04F79EFBC}") = "SelfReferencingAssociationSchemaFST", "SelfReferencingAssociationSchemaFST\SelfReferencingAssociationSchemaFST.csproj", "{45487B94-3B44-4930-B4ED-1E28D11A436F}"
EndProject
Project("{FAE04EC0-301F-11D3-BF4B-00C04F79EFBC}") = "SelfReferencingAssociationCodeFST", "SelfReferencingAssociationCodeFST\SelfReferencingAssociationCodeFST.csproj", "{F11EA16C-F073-4194-9DA8-FCD7DE8FB455}"
EndProject
Project("{FAE04EC0-301F-11D3-BF4B-00C04F79EFBC}") = "TablePerHierarchySchemaFST", "TablePerHierarchySchemaFST\TablePerHierarchySchemaFST.csproj", "{FC27E759-3593-4063-89D1-7983003D8ED3}"
EndProject
Project("{FAE04EC0-301F-11D3-BF4B-00C04F79EFBC}") = "TablePerHierarchyCodeFST", "TablePerHierarchyCodeFST\TablePerHierarchyCodeFST.csproj", "{1475475B-4B3D-4D87-9345-A18D241FE552}"
EndProject
Project("{FAE04EC0-301F-11D3-BF4B-00C04F79EFBC}") = "TablePerType", "TablePerType\TablePerType.csproj", "{C859BC47-19FF-43AC-B536-E2D9C35E5A29}"
EndProject
Global
	GlobalSection(SolutionConfigurationPlatforms) = preSolution
		Debug|Any CPU = Debug|Any CPU
		Release|Any CPU = Release|Any CPU
	EndGlobalSection
	GlobalSection(ProjectConfigurationPlatforms) = postSolution
		{E68C48AE-33C3-4A28-904D-8FFB7CB77A03}.Debug|Any CPU.ActiveCfg = Debug|Any CPU
		{E68C48AE-33C3-4A28-904D-8FFB7CB77A03}.Debug|Any CPU.Build.0 = Debug|Any CPU
		{E68C48AE-33C3-4A28-904D-8FFB7CB77A03}.Release|Any CPU.ActiveCfg = Release|Any CPU
		{E68C48AE-33C3-4A28-904D-8FFB7CB77A03}.Release|Any CPU.Build.0 = Release|Any CPU
		{FCF318AF-C76C-4B13-8BC4-53983C99F88A}.Debug|Any CPU.ActiveCfg = Debug|Any CPU
		{FCF318AF-C76C-4B13-8BC4-53983C99F88A}.Debug|Any CPU.Build.0 = Debug|Any CPU
		{FCF318AF-C76C-4B13-8BC4-53983C99F88A}.Release|Any CPU.ActiveCfg = Release|Any CPU
		{FCF318AF-C76C-4B13-8BC4-53983C99F88A}.Release|Any CPU.Build.0 = Release|Any CPU
		{D816E24C-5365-4E3F-BFD7-8BA0F4F68F6B}.Debug|Any CPU.ActiveCfg = Debug|Any CPU
		{D816E24C-5365-4E3F-BFD7-8BA0F4F68F6B}.Debug|Any CPU.Build.0 = Debug|Any CPU
		{D816E24C-5365-4E3F-BFD7-8BA0F4F68F6B}.Release|Any CPU.ActiveCfg = Release|Any CPU
		{D816E24C-5365-4E3F-BFD7-8BA0F4F68F6B}.Release|Any CPU.Build.0 = Release|Any CPU
		{E63700D6-DB3F-4778-8FF3-1EE8005F5E3B}.Debug|Any CPU.ActiveCfg = Debug|Any CPU
		{E63700D6-DB3F-4778-8FF3-1EE8005F5E3B}.Debug|Any CPU.Build.0 = Debug|Any CPU
		{E63700D6-DB3F-4778-8FF3-1EE8005F5E3B}.Release|Any CPU.ActiveCfg = Release|Any CPU
		{E63700D6-DB3F-4778-8FF3-1EE8005F5E3B}.Release|Any CPU.Build.0 = Release|Any CPU
		{4FDE75C7-A62A-4594-92C5-956D87A09E53}.Debug|Any CPU.ActiveCfg = Debug|Any CPU
		{4FDE75C7-A62A-4594-92C5-956D87A09E53}.Debug|Any CPU.Build.0 = Debug|Any CPU
		{4FDE75C7-A62A-4594-92C5-956D87A09E53}.Release|Any CPU.ActiveCfg = Release|Any CPU
		{4FDE75C7-A62A-4594-92C5-956D87A09E53}.Release|Any CPU.Build.0 = Release|Any CPU
		{49FDAC09-B6AB-439D-A802-EACF1E574C11}.Debug|Any CPU.ActiveCfg = Debug|Any CPU
		{49FDAC09-B6AB-439D-A802-EACF1E574C11}.Debug|Any CPU.Build.0 = Debug|Any CPU
		{49FDAC09-B6AB-439D-A802-EACF1E574C11}.Release|Any CPU.ActiveCfg = Release|Any CPU
		{49FDAC09-B6AB-439D-A802-EACF1E574C11}.Release|Any CPU.Build.0 = Release|Any CPU
		{A5F77D1C-E8AB-4E3F-B7C8-32EF25FD16D4}.Debug|Any CPU.ActiveCfg = Debug|Any CPU
		{A5F77D1C-E8AB-4E3F-B7C8-32EF25FD16D4}.Debug|Any CPU.Build.0 = Debug|Any CPU
		{A5F77D1C-E8AB-4E3F-B7C8-32EF25FD16D4}.Release|Any CPU.ActiveCfg = Release|Any CPU
		{A5F77D1C-E8AB-4E3F-B7C8-32EF25FD16D4}.Release|Any CPU.Build.0 = Release|Any CPU
		{BF9B1EF7-52A0-45E0-933F-524B178D7928}.Debug|Any CPU.ActiveCfg = Debug|Any CPU
		{BF9B1EF7-52A0-45E0-933F-524B178D7928}.Debug|Any CPU.Build.0 = Debug|Any CPU
		{BF9B1EF7-52A0-45E0-933F-524B178D7928}.Release|Any CPU.ActiveCfg = Release|Any CPU
		{BF9B1EF7-52A0-45E0-933F-524B178D7928}.Release|Any CPU.Build.0 = Release|Any CPU
		{DB21E98E-2912-42BE-91E5-92EE4B8B2D5F}.Debug|Any CPU.ActiveCfg = Debug|Any CPU
		{DB21E98E-2912-42BE-91E5-92EE4B8B2D5F}.Debug|Any CPU.Build.0 = Debug|Any CPU
		{DB21E98E-2912-42BE-91E5-92EE4B8B2D5F}.Release|Any CPU.ActiveCfg = Release|Any CPU
		{DB21E98E-2912-42BE-91E5-92EE4B8B2D5F}.Release|Any CPU.Build.0 = Release|Any CPU
		{B271A4AA-4A17-4C77-836E-DA87F0866379}.Debug|Any CPU.ActiveCfg = Debug|Any CPU
		{B271A4AA-4A17-4C77-836E-DA87F0866379}.Debug|Any CPU.Build.0 = Debug|Any CPU
		{B271A4AA-4A17-4C77-836E-DA87F0866379}.Release|Any CPU.ActiveCfg = Release|Any CPU
		{B271A4AA-4A17-4C77-836E-DA87F0866379}.Release|Any CPU.Build.0 = Release|Any CPU
		{64609ED4-8789-4C9E-AD3E-429DC222E550}.Debug|Any CPU.ActiveCfg = Debug|Any CPU
		{64609ED4-8789-4C9E-AD3E-429DC222E550}.Debug|Any CPU.Build.0 = Debug|Any CPU
		{64609ED4-8789-4C9E-AD3E-429DC222E550}.Release|Any CPU.ActiveCfg = Release|Any CPU
		{64609ED4-8789-4C9E-AD3E-429DC222E550}.Release|Any CPU.Build.0 = Release|Any CPU
		{D6D0783C-ED00-4CF6-9439-A482DB3078A0}.Debug|Any CPU.ActiveCfg = Debug|Any CPU
		{D6D0783C-ED00-4CF6-9439-A482DB3078A0}.Debug|Any CPU.Build.0 = Debug|Any CPU
		{D6D0783C-ED00-4CF6-9439-A482DB3078A0}.Release|Any CPU.ActiveCfg = Release|Any CPU
		{D6D0783C-ED00-4CF6-9439-A482DB3078A0}.Release|Any CPU.Build.0 = Release|Any CPU
		{8C53A99A-592E-4950-9F76-A5B2C6B01B3F}.Debug|Any CPU.ActiveCfg = Debug|Any CPU
		{8C53A99A-592E-4950-9F76-A5B2C6B01B3F}.Debug|Any CPU.Build.0 = Debug|Any CPU
		{8C53A99A-592E-4950-9F76-A5B2C6B01B3F}.Release|Any CPU.ActiveCfg = Release|Any CPU
		{8C53A99A-592E-4950-9F76-A5B2C6B01B3F}.Release|Any CPU.Build.0 = Release|Any CPU
		{231E1FCC-9CD8-4E08-AF16-158B2A625D2C}.Debug|Any CPU.ActiveCfg = Debug|Any CPU
		{231E1FCC-9CD8-4E08-AF16-158B2A625D2C}.Debug|Any CPU.Build.0 = Debug|Any CPU
		{231E1FCC-9CD8-4E08-AF16-158B2A625D2C}.Release|Any CPU.ActiveCfg = Release|Any CPU
		{231E1FCC-9CD8-4E08-AF16-158B2A625D2C}.Release|Any CPU.Build.0 = Release|Any CPU
		{670D9C15-3CFF-40CB-A885-FD2CB45C2F16}.Debug|Any CPU.ActiveCfg = Debug|Any CPU
		{670D9C15-3CFF-40CB-A885-FD2CB45C2F16}.Debug|Any CPU.Build.0 = Debug|Any CPU
		{670D9C15-3CFF-40CB-A885-FD2CB45C2F16}.Release|Any CPU.ActiveCfg = Release|Any CPU
		{670D9C15-3CFF-40CB-A885-FD2CB45C2F16}.Release|Any CPU.Build.0 = Release|Any CPU
		{45487B94-3B44-4930-B4ED-1E28D11A436F}.Debug|Any CPU.ActiveCfg = Debug|Any CPU
		{45487B94-3B44-4930-B4ED-1E28D11A436F}.Debug|Any CPU.Build.0 = Debug|Any CPU
		{45487B94-3B44-4930-B4ED-1E28D11A436F}.Release|Any CPU.ActiveCfg = Release|Any CPU
		{45487B94-3B44-4930-B4ED-1E28D11A436F}.Release|Any CPU.Build.0 = Release|Any CPU
		{F11EA16C-F073-4194-9DA8-FCD7DE8FB455}.Debug|Any CPU.ActiveCfg = Debug|Any CPU
		{F11EA16C-F073-4194-9DA8-FCD7DE8FB455}.Debug|Any CPU.Build.0 = Debug|Any CPU
		{F11EA16C-F073-4194-9DA8-FCD7DE8FB455}.Release|Any CPU.ActiveCfg = Release|Any CPU
		{F11EA16C-F073-4194-9DA8-FCD7DE8FB455}.Release|Any CPU.Build.0 = Release|Any CPU
		{FC27E759-3593-4063-89D1-7983003D8ED3}.Debug|Any CPU.ActiveCfg = Debug|Any CPU
		{FC27E759-3593-4063-89D1-7983003D8ED3}.Debug|Any CPU.Build.0 = Debug|Any CPU
		{FC27E759-3593-4063-89D1-7983003D8ED3}.Release|Any CPU.ActiveCfg = Release|Any CPU
		{FC27E759-3593-4063-89D1-7983003D8ED3}.Release|Any CPU.Build.0 = Release|Any CPU
		{1475475B-4B3D-4D87-9345-A18D241FE552}.Debug|Any CPU.ActiveCfg = Debug|Any CPU
		{1475475B-4B3D-4D87-9345-A18D241FE552}.Debug|Any CPU.Build.0 = Debug|Any CPU
		{1475475B-4B3D-4D87-9345-A18D241FE552}.Release|Any CPU.ActiveCfg = Release|Any CPU
		{1475475B-4B3D-4D87-9345-A18D241FE552}.Release|Any CPU.Build.0 = Release|Any CPU
		{C859BC47-19FF-43AC-B536-E2D9C35E5A29}.Debug|Any CPU.ActiveCfg = Debug|Any CPU
		{C859BC47-19FF-43AC-B536-E2D9C35E5A29}.Debug|Any CPU.Build.0 = Debug|Any CPU
		{C859BC47-19FF-43AC-B536-E2D9C35E5A29}.Release|Any CPU.ActiveCfg = Release|Any CPU
		{C859BC47-19FF-43AC-B536-E2D9C35E5A29}.Release|Any CPU.Build.0 = Release|Any CPU
	EndGlobalSection
	GlobalSection(SolutionProperties) = preSolution
		HideSolutionNode = FALSE
	EndGlobalSection
	GlobalSection(ExtensibilityGlobals) = postSolution
		SolutionGuid = {7FCD248C-582D-439F-B1E3-9DE18D9BB63F}
	EndGlobalSection
EndGlobal
