
Microsoft Visual Studio Solution File, Format Version 12.00
# Visual Studio 15
VisualStudioVersion = 15.0.27703.2035
MinimumVisualStudioVersion = 10.0.40219.1
Project("{FAE04EC0-301F-11D3-BF4B-00C04F79EFBC}") = "SchemaFSTw", "Schema1STWebApplication\SchemaFSTw.csproj", "{E68C48AE-33C3-4A28-904D-8FFB7CB77A03}"
EndProject
Project("{FAE04EC0-301F-11D3-BF4B-00C04F79EFBC}") = "Model1STWebApplication", "Model1STWebApplication\Model1STWebApplication.csproj", "{FCF318AF-C76C-4B13-8BC4-53983C99F88A}"
EndProject
Project("{FAE04EC0-301F-11D3-BF4B-00C04F79EFBC}") = "Code1stWebApplication", "Code1stWebApplication\Code1stWebApplication.csproj", "{D816E24C-5365-4E3F-BFD7-8BA0F4F68F6B}"
EndProject
Project("{FAE04EC0-301F-11D3-BF4B-00C04F79EFBC}") = "CustomizetablesCode1", "CustomizetablesCode1\CustomizetablesCode1.csproj", "{E63700D6-DB3F-4778-8FF3-1EE8005F5E3B}"
EndProject
Project("{FAE04EC0-301F-11D3-BF4B-00C04F79EFBC}") = "HandleModelChanges", "HandleModelChanges\HandleModelChanges.csproj", "{4FDE75C7-A62A-4594-92C5-956D87A09E53}"
EndProject
Project("{FAE04EC0-301F-11D3-BF4B-00C04F79EFBC}") = "SeedDatabase", "SeedDatabase\SeedDatabase.csproj", "{49FDAC09-B6AB-439D-A802-EACF1E574C11}"
EndProject
Project("{FAE04EC0-301F-11D3-BF4B-00C04F79EFBC}") = "StoredProcSchemaFST", "StoredProcSchemaFST\StoredProcSchemaFST.csproj", "{A5F77D1C-E8AB-4E3F-B7C8-32EF25FD16D4}"
EndProject
Global
	GlobalSection(SolutionConfigurationPlatforms) = preSolution
		Debug|Any CPU = Debug|Any CPU
		Release|Any CPU = Release|Any CPU
	EndGlobalSection
	GlobalSection(ProjectConfigurationPlatforms) = postSolution
		{E68C48AE-33C3-4A28-904D-8FFB7CB77A03}.Debug|Any CPU.ActiveCfg = Debug|Any CPU
		{E68C48AE-33C3-4A28-904D-8FFB7CB77A03}.Debug|Any CPU.Build.0 = Debug|Any CPU
		{E68C48AE-33C3-4A28-904D-8FFB7CB77A03}.Release|Any CPU.ActiveCfg = Release|Any CPU
		{E68C48AE-33C3-4A28-904D-8FFB7CB77A03}.Release|Any CPU.Build.0 = Release|Any CPU
		{FCF318AF-C76C-4B13-8BC4-53983C99F88A}.Debug|Any CPU.ActiveCfg = Debug|Any CPU
		{FCF318AF-C76C-4B13-8BC4-53983C99F88A}.Debug|Any CPU.Build.0 = Debug|Any CPU
		{FCF318AF-C76C-4B13-8BC4-53983C99F88A}.Release|Any CPU.ActiveCfg = Release|Any CPU
		{FCF318AF-C76C-4B13-8BC4-53983C99F88A}.Release|Any CPU.Build.0 = Release|Any CPU
		{D816E24C-5365-4E3F-BFD7-8BA0F4F68F6B}.Debug|Any CPU.ActiveCfg = Debug|Any CPU
		{D816E24C-5365-4E3F-BFD7-8BA0F4F68F6B}.Debug|Any CPU.Build.0 = Debug|Any CPU
		{D816E24C-5365-4E3F-BFD7-8BA0F4F68F6B}.Release|Any CPU.ActiveCfg = Release|Any CPU
		{D816E24C-5365-4E3F-BFD7-8BA0F4F68F6B}.Release|Any CPU.Build.0 = Release|Any CPU
		{E63700D6-DB3F-4778-8FF3-1EE8005F5E3B}.Debug|Any CPU.ActiveCfg = Debug|Any CPU
		{E63700D6-DB3F-4778-8FF3-1EE8005F5E3B}.Debug|Any CPU.Build.0 = Debug|Any CPU
		{E63700D6-DB3F-4778-8FF3-1EE8005F5E3B}.Release|Any CPU.ActiveCfg = Release|Any CPU
		{E63700D6-DB3F-4778-8FF3-1EE8005F5E3B}.Release|Any CPU.Build.0 = Release|Any CPU
		{4FDE75C7-A62A-4594-92C5-956D87A09E53}.Debug|Any CPU.ActiveCfg = Debug|Any CPU
		{4FDE75C7-A62A-4594-92C5-956D87A09E53}.Debug|Any CPU.Build.0 = Debug|Any CPU
		{4FDE75C7-A62A-4594-92C5-956D87A09E53}.Release|Any CPU.ActiveCfg = Release|Any CPU
		{4FDE75C7-A62A-4594-92C5-956D87A09E53}.Release|Any CPU.Build.0 = Release|Any CPU
		{49FDAC09-B6AB-439D-A802-EACF1E574C11}.Debug|Any CPU.ActiveCfg = Debug|Any CPU
		{49FDAC09-B6AB-439D-A802-EACF1E574C11}.Debug|Any CPU.Build.0 = Debug|Any CPU
		{49FDAC09-B6AB-439D-A802-EACF1E574C11}.Release|Any CPU.ActiveCfg = Release|Any CPU
		{49FDAC09-B6AB-439D-A802-EACF1E574C11}.Release|Any CPU.Build.0 = Release|Any CPU
		{A5F77D1C-E8AB-4E3F-B7C8-32EF25FD16D4}.Debug|Any CPU.ActiveCfg = Debug|Any CPU
		{A5F77D1C-E8AB-4E3F-B7C8-32EF25FD16D4}.Debug|Any CPU.Build.0 = Debug|Any CPU
		{A5F77D1C-E8AB-4E3F-B7C8-32EF25FD16D4}.Release|Any CPU.ActiveCfg = Release|Any CPU
		{A5F77D1C-E8AB-4E3F-B7C8-32EF25FD16D4}.Release|Any CPU.Build.0 = Release|Any CPU
	EndGlobalSection
	GlobalSection(SolutionProperties) = preSolution
		HideSolutionNode = FALSE
	EndGlobalSection
	GlobalSection(ExtensibilityGlobals) = postSolution
		SolutionGuid = {7FCD248C-582D-439F-B1E3-9DE18D9BB63F}
	EndGlobalSection
EndGlobal
